// !$*UTF8*$!
{
	archiveVersion = 1;
	classes = {
	};
	objectVersion = 50;
	objects = {

/* Begin PBXBuildFile section */
		A630E47D216309B100258D4E /* NotificationCenter.framework in Frameworks */ = {isa = PBXBuildFile; fileRef = A630E4182162F3CC00258D4E /* NotificationCenter.framework */; };
		A630E480216309B100258D4E /* TodayViewController.swift in Sources */ = {isa = PBXBuildFile; fileRef = A630E47F216309B100258D4E /* TodayViewController.swift */; };
		A630E483216309B100258D4E /* MainInterface.storyboard in Resources */ = {isa = PBXBuildFile; fileRef = A630E481216309B100258D4E /* MainInterface.storyboard */; };
		A630E487216309B100258D4E /* SmartBillWidget.appex in Embed App Extensions */ = {isa = PBXBuildFile; fileRef = A630E47C216309B100258D4E /* SmartBillWidget.appex */; settings = {ATTRIBUTES = (RemoveHeadersOnCopy, ); }; };
		A630E48C21633BD400258D4E /* Assets.xcassets in Resources */ = {isa = PBXBuildFile; fileRef = A69BA6F921534F1F0007B9EA /* Assets.xcassets */; };
		A630E48D21633BD800258D4E /* Calculation.swift in Sources */ = {isa = PBXBuildFile; fileRef = A69BA70421534FA30007B9EA /* Calculation.swift */; };
		A630E48F21634DCA00258D4E /* KeyboardButton.swift in Sources */ = {isa = PBXBuildFile; fileRef = A630E48E21634DCA00258D4E /* KeyboardButton.swift */; };
		A69BA6F321534F1E0007B9EA /* AppDelegate.swift in Sources */ = {isa = PBXBuildFile; fileRef = A69BA6F221534F1E0007B9EA /* AppDelegate.swift */; };
		A69BA6F521534F1E0007B9EA /* ViewController.swift in Sources */ = {isa = PBXBuildFile; fileRef = A69BA6F421534F1E0007B9EA /* ViewController.swift */; };
		A69BA6F821534F1E0007B9EA /* Main.storyboard in Resources */ = {isa = PBXBuildFile; fileRef = A69BA6F621534F1E0007B9EA /* Main.storyboard */; };
		A69BA6FA21534F1F0007B9EA /* Assets.xcassets in Resources */ = {isa = PBXBuildFile; fileRef = A69BA6F921534F1F0007B9EA /* Assets.xcassets */; };
		A69BA6FD21534F1F0007B9EA /* LaunchScreen.storyboard in Resources */ = {isa = PBXBuildFile; fileRef = A69BA6FB21534F1F0007B9EA /* LaunchScreen.storyboard */; };
		A69BA70521534FA30007B9EA /* Calculation.swift in Sources */ = {isa = PBXBuildFile; fileRef = A69BA70421534FA30007B9EA /* Calculation.swift */; };
/* End PBXBuildFile section */

/* Begin PBXContainerItemProxy section */
		A630E485216309B100258D4E /* PBXContainerItemProxy */ = {
			isa = PBXContainerItemProxy;
			containerPortal = A69BA6E721534F1E0007B9EA /* Project object */;
			proxyType = 1;
			remoteGlobalIDString = A630E47B216309B100258D4E;
			remoteInfo = SmartBillWidget;
		};
/* End PBXContainerItemProxy section */

/* Begin PBXCopyFilesBuildPhase section */
		A630E4272162F3CD00258D4E /* Embed App Extensions */ = {
			isa = PBXCopyFilesBuildPhase;
			buildActionMask = 2147483647;
			dstPath = "";
			dstSubfolderSpec = 13;
			files = (
				A630E487216309B100258D4E /* SmartBillWidget.appex in Embed App Extensions */,
			);
			name = "Embed App Extensions";
			runOnlyForDeploymentPostprocessing = 0;
		};
/* End PBXCopyFilesBuildPhase section */

/* Begin PBXFileReference section */
		A630E4182162F3CC00258D4E /* NotificationCenter.framework */ = {isa = PBXFileReference; lastKnownFileType = wrapper.framework; name = NotificationCenter.framework; path = System/Library/Frameworks/NotificationCenter.framework; sourceTree = SDKROOT; };
		A630E47C216309B100258D4E /* SmartBillWidget.appex */ = {isa = PBXFileReference; explicitFileType = "wrapper.app-extension"; includeInIndex = 0; path = SmartBillWidget.appex; sourceTree = BUILT_PRODUCTS_DIR; };
		A630E47F216309B100258D4E /* TodayViewController.swift */ = {isa = PBXFileReference; lastKnownFileType = sourcecode.swift; path = TodayViewController.swift; sourceTree = "<group>"; };
		A630E482216309B100258D4E /* Base */ = {isa = PBXFileReference; lastKnownFileType = file.storyboard; name = Base; path = Base.lproj/MainInterface.storyboard; sourceTree = "<group>"; };
		A630E484216309B100258D4E /* Info.plist */ = {isa = PBXFileReference; lastKnownFileType = text.plist.xml; path = Info.plist; sourceTree = "<group>"; };
		A630E48B216336B900258D4E /* SmartBillWidget.entitlements */ = {isa = PBXFileReference; lastKnownFileType = text.plist.entitlements; path = SmartBillWidget.entitlements; sourceTree = "<group>"; };
		A630E48E21634DCA00258D4E /* KeyboardButton.swift */ = {isa = PBXFileReference; lastKnownFileType = sourcecode.swift; path = KeyboardButton.swift; sourceTree = "<group>"; };
		A69BA6EF21534F1E0007B9EA /* SmartBills.app */ = {isa = PBXFileReference; explicitFileType = wrapper.application; includeInIndex = 0; path = SmartBills.app; sourceTree = BUILT_PRODUCTS_DIR; };
		A69BA6F221534F1E0007B9EA /* AppDelegate.swift */ = {isa = PBXFileReference; lastKnownFileType = sourcecode.swift; path = AppDelegate.swift; sourceTree = "<group>"; };
		A69BA6F421534F1E0007B9EA /* ViewController.swift */ = {isa = PBXFileReference; lastKnownFileType = sourcecode.swift; path = ViewController.swift; sourceTree = "<group>"; };
		A69BA6F721534F1E0007B9EA /* Base */ = {isa = PBXFileReference; lastKnownFileType = file.storyboard; name = Base; path = Base.lproj/Main.storyboard; sourceTree = "<group>"; };
		A69BA6F921534F1F0007B9EA /* Assets.xcassets */ = {isa = PBXFileReference; lastKnownFileType = folder.assetcatalog; path = Assets.xcassets; sourceTree = "<group>"; };
		A69BA6FC21534F1F0007B9EA /* Base */ = {isa = PBXFileReference; lastKnownFileType = file.storyboard; name = Base; path = Base.lproj/LaunchScreen.storyboard; sourceTree = "<group>"; };
		A69BA6FE21534F1F0007B9EA /* Info.plist */ = {isa = PBXFileReference; lastKnownFileType = text.plist.xml; path = Info.plist; sourceTree = "<group>"; };
		A69BA70421534FA30007B9EA /* Calculation.swift */ = {isa = PBXFileReference; lastKnownFileType = sourcecode.swift; path = Calculation.swift; sourceTree = "<group>"; };
/* End PBXFileReference section */

/* Begin PBXFrameworksBuildPhase section */
		A630E479216309B100258D4E /* Frameworks */ = {
			isa = PBXFrameworksBuildPhase;
			buildActionMask = 2147483647;
			files = (
				A630E47D216309B100258D4E /* NotificationCenter.framework in Frameworks */,
			);
			runOnlyForDeploymentPostprocessing = 0;
		};
		A69BA6EC21534F1E0007B9EA /* Frameworks */ = {
			isa = PBXFrameworksBuildPhase;
			buildActionMask = 2147483647;
			files = (
			);
			runOnlyForDeploymentPostprocessing = 0;
		};
/* End PBXFrameworksBuildPhase section */

/* Begin PBXGroup section */
		A630E4172162F3CC00258D4E /* Frameworks */ = {
			isa = PBXGroup;
			children = (
				A630E4182162F3CC00258D4E /* NotificationCenter.framework */,
			);
			name = Frameworks;
			sourceTree = "<group>";
		};
		A630E47E216309B100258D4E /* SmartBillWidget */ = {
			isa = PBXGroup;
			children = (
				A630E48B216336B900258D4E /* SmartBillWidget.entitlements */,
				A630E47F216309B100258D4E /* TodayViewController.swift */,
				A630E481216309B100258D4E /* MainInterface.storyboard */,
				A630E48E21634DCA00258D4E /* KeyboardButton.swift */,
				A630E484216309B100258D4E /* Info.plist */,
			);
			path = SmartBillWidget;
			sourceTree = "<group>";
		};
		A69BA6E621534F1E0007B9EA = {
			isa = PBXGroup;
			children = (
				A69BA6F121534F1E0007B9EA /* SmartBills */,
				A630E47E216309B100258D4E /* SmartBillWidget */,
				A630E4172162F3CC00258D4E /* Frameworks */,
				A69BA6F021534F1E0007B9EA /* Products */,
			);
			sourceTree = "<group>";
		};
		A69BA6F021534F1E0007B9EA /* Products */ = {
			isa = PBXGroup;
			children = (
				A69BA6EF21534F1E0007B9EA /* SmartBills.app */,
				A630E47C216309B100258D4E /* SmartBillWidget.appex */,
			);
			name = Products;
			sourceTree = "<group>";
		};
		A69BA6F121534F1E0007B9EA /* SmartBills */ = {
			isa = PBXGroup;
			children = (
				A69BA6F221534F1E0007B9EA /* AppDelegate.swift */,
				A69BA6F421534F1E0007B9EA /* ViewController.swift */,
				A69BA6F621534F1E0007B9EA /* Main.storyboard */,
				A69BA6F921534F1F0007B9EA /* Assets.xcassets */,
				A69BA6FB21534F1F0007B9EA /* LaunchScreen.storyboard */,
				A69BA6FE21534F1F0007B9EA /* Info.plist */,
				A69BA70421534FA30007B9EA /* Calculation.swift */,
			);
			path = SmartBills;
			sourceTree = "<group>";
		};
/* End PBXGroup section */

/* Begin PBXNativeTarget section */
		A630E47B216309B100258D4E /* SmartBillWidget */ = {
			isa = PBXNativeTarget;
			buildConfigurationList = A630E488216309B200258D4E /* Build configuration list for PBXNativeTarget "SmartBillWidget" */;
			buildPhases = (
				A630E478216309B100258D4E /* Sources */,
				A630E479216309B100258D4E /* Frameworks */,
				A630E47A216309B100258D4E /* Resources */,
			);
			buildRules = (
			);
			dependencies = (
			);
			name = SmartBillWidget;
			productName = SmartBillWidget;
			productReference = A630E47C216309B100258D4E /* SmartBillWidget.appex */;
			productType = "com.apple.product-type.app-extension";
		};
		A69BA6EE21534F1E0007B9EA /* SmartBills */ = {
			isa = PBXNativeTarget;
			buildConfigurationList = A69BA70121534F1F0007B9EA /* Build configuration list for PBXNativeTarget "SmartBills" */;
			buildPhases = (
				A69BA6EB21534F1E0007B9EA /* Sources */,
				A69BA6EC21534F1E0007B9EA /* Frameworks */,
				A69BA6ED21534F1E0007B9EA /* Resources */,
				A630E4272162F3CD00258D4E /* Embed App Extensions */,
			);
			buildRules = (
			);
			dependencies = (
				A630E486216309B100258D4E /* PBXTargetDependency */,
			);
			name = SmartBills;
			productName = SmartBills;
			productReference = A69BA6EF21534F1E0007B9EA /* SmartBills.app */;
			productType = "com.apple.product-type.application";
		};
/* End PBXNativeTarget section */

/* Begin PBXProject section */
		A69BA6E721534F1E0007B9EA /* Project object */ = {
			isa = PBXProject;
			attributes = {
				LastSwiftUpdateCheck = 0940;
				LastUpgradeCheck = 0940;
				ORGANIZATIONNAME = "Hunter Gregory";
				TargetAttributes = {
					A630E47B216309B100258D4E = {
						CreatedOnToolsVersion = 9.4.1;
						SystemCapabilities = {
							com.apple.ApplicationGroups.iOS = {
								enabled = 1;
							};
						};
					};
					A69BA6EE21534F1E0007B9EA = {
						CreatedOnToolsVersion = 9.4.1;
						SystemCapabilities = {
							com.apple.ApplicationGroups.iOS = {
								enabled = 0;
							};
						};
					};
				};
			};
			buildConfigurationList = A69BA6EA21534F1E0007B9EA /* Build configuration list for PBXProject "SmartBills" */;
			compatibilityVersion = "Xcode 9.3";
			developmentRegion = en;
			hasScannedForEncodings = 0;
			knownRegions = (
				en,
				Base,
			);
			mainGroup = A69BA6E621534F1E0007B9EA;
			productRefGroup = A69BA6F021534F1E0007B9EA /* Products */;
			projectDirPath = "";
			projectRoot = "";
			targets = (
				A69BA6EE21534F1E0007B9EA /* SmartBills */,
				A630E47B216309B100258D4E /* SmartBillWidget */,
			);
		};
/* End PBXProject section */

/* Begin PBXResourcesBuildPhase section */
		A630E47A216309B100258D4E /* Resources */ = {
			isa = PBXResourcesBuildPhase;
			buildActionMask = 2147483647;
			files = (
				A630E48C21633BD400258D4E /* Assets.xcassets in Resources */,
				A630E483216309B100258D4E /* MainInterface.storyboard in Resources */,
			);
			runOnlyForDeploymentPostprocessing = 0;
		};
		A69BA6ED21534F1E0007B9EA /* Resources */ = {
			isa = PBXResourcesBuildPhase;
			buildActionMask = 2147483647;
			files = (
				A69BA6FD21534F1F0007B9EA /* LaunchScreen.storyboard in Resources */,
				A69BA6FA21534F1F0007B9EA /* Assets.xcassets in Resources */,
				A69BA6F821534F1E0007B9EA /* Main.storyboard in Resources */,
			);
			runOnlyForDeploymentPostprocessing = 0;
		};
/* End PBXResourcesBuildPhase section */

/* Begin PBXSourcesBuildPhase section */
		A630E478216309B100258D4E /* Sources */ = {
			isa = PBXSourcesBuildPhase;
			buildActionMask = 2147483647;
			files = (
				A630E48F21634DCA00258D4E /* KeyboardButton.swift in Sources */,
				A630E480216309B100258D4E /* TodayViewController.swift in Sources */,
				A630E48D21633BD800258D4E /* Calculation.swift in Sources */,
			);
			runOnlyForDeploymentPostprocessing = 0;
		};
		A69BA6EB21534F1E0007B9EA /* Sources */ = {
			isa = PBXSourcesBuildPhase;
			buildActionMask = 2147483647;
			files = (
				A69BA6F521534F1E0007B9EA /* ViewController.swift in Sources */,
				A69BA70521534FA30007B9EA /* Calculation.swift in Sources */,
				A69BA6F321534F1E0007B9EA /* AppDelegate.swift in Sources */,
			);
			runOnlyForDeploymentPostprocessing = 0;
		};
/* End PBXSourcesBuildPhase section */

/* Begin PBXTargetDependency section */
		A630E486216309B100258D4E /* PBXTargetDependency */ = {
			isa = PBXTargetDependency;
			target = A630E47B216309B100258D4E /* SmartBillWidget */;
			targetProxy = A630E485216309B100258D4E /* PBXContainerItemProxy */;
		};
/* End PBXTargetDependency section */

/* Begin PBXVariantGroup section */
		A630E481216309B100258D4E /* MainInterface.storyboard */ = {
			isa = PBXVariantGroup;
			children = (
				A630E482216309B100258D4E /* Base */,
			);
			name = MainInterface.storyboard;
			sourceTree = "<group>";
		};
		A69BA6F621534F1E0007B9EA /* Main.storyboard */ = {
			isa = PBXVariantGroup;
			children = (
				A69BA6F721534F1E0007B9EA /* Base */,
			);
			name = Main.storyboard;
			sourceTree = "<group>";
		};
		A69BA6FB21534F1F0007B9EA /* LaunchScreen.storyboard */ = {
			isa = PBXVariantGroup;
			children = (
				A69BA6FC21534F1F0007B9EA /* Base */,
			);
			name = LaunchScreen.storyboard;
			sourceTree = "<group>";
		};
/* End PBXVariantGroup section */

/* Begin XCBuildConfiguration section */
		A630E489216309B200258D4E /* Debug */ = {
			isa = XCBuildConfiguration;
			buildSettings = {
				CODE_SIGN_ENTITLEMENTS = SmartBillWidget/SmartBillWidget.entitlements;
				CODE_SIGN_STYLE = Automatic;
				DEVELOPMENT_TEAM = 35L7NUU7WG;
				INFOPLIST_FILE = SmartBillWidget/Info.plist;
				IPHONEOS_DEPLOYMENT_TARGET = 11.3;
				LD_RUNPATH_SEARCH_PATHS = (
					"$(inherited)",
					"@executable_path/Frameworks",
					"@executable_path/../../Frameworks",
				);
				PRODUCT_BUNDLE_IDENTIFIER = HLG16.SmartBills.SmartBillWidget;
				PRODUCT_NAME = "$(TARGET_NAME)";
				SKIP_INSTALL = YES;
				SWIFT_VERSION = 4.0;
				TARGETED_DEVICE_FAMILY = "1,2";
			};
			name = Debug;
		};
		A630E48A216309B200258D4E /* Release */ = {
			isa = XCBuildConfiguration;
			buildSettings = {
				CODE_SIGN_ENTITLEMENTS = SmartBillWidget/SmartBillWidget.entitlements;
				CODE_SIGN_STYLE = Automatic;
				DEVELOPMENT_TEAM = 35L7NUU7WG;
				INFOPLIST_FILE = SmartBillWidget/Info.plist;
				IPHONEOS_DEPLOYMENT_TARGET = 11.3;
				LD_RUNPATH_SEARCH_PATHS = (
					"$(inherited)",
					"@executable_path/Frameworks",
					"@executable_path/../../Frameworks",
				);
				PRODUCT_BUNDLE_IDENTIFIER = HLG16.SmartBills.SmartBillWidget;
				PRODUCT_NAME = "$(TARGET_NAME)";
				SKIP_INSTALL = YES;
				SWIFT_VERSION = 4.0;
				TARGETED_DEVICE_FAMILY = "1,2";
			};
			name = Release;
		};
		A69BA6FF21534F1F0007B9EA /* Debug */ = {
			isa = XCBuildConfiguration;
			buildSettings = {
				ALWAYS_SEARCH_USER_PATHS = NO;
				CLANG_ANALYZER_NONNULL = YES;
				CLANG_ANALYZER_NUMBER_OBJECT_CONVERSION = YES_AGGRESSIVE;
				CLANG_CXX_LANGUAGE_STANDARD = "gnu++14";
				CLANG_CXX_LIBRARY = "libc++";
				CLANG_ENABLE_MODULES = YES;
				CLANG_ENABLE_OBJC_ARC = YES;
				CLANG_ENABLE_OBJC_WEAK = YES;
				CLANG_WARN_BLOCK_CAPTURE_AUTORELEASING = YES;
				CLANG_WARN_BOOL_CONVERSION = YES;
				CLANG_WARN_COMMA = YES;
				CLANG_WARN_CONSTANT_CONVERSION = YES;
				CLANG_WARN_DEPRECATED_OBJC_IMPLEMENTATIONS = YES;
				CLANG_WARN_DIRECT_OBJC_ISA_USAGE = YES_ERROR;
				CLANG_WARN_DOCUMENTATION_COMMENTS = YES;
				CLANG_WARN_EMPTY_BODY = YES;
				CLANG_WARN_ENUM_CONVERSION = YES;
				CLANG_WARN_INFINITE_RECURSION = YES;
				CLANG_WARN_INT_CONVERSION = YES;
				CLANG_WARN_NON_LITERAL_NULL_CONVERSION = YES;
				CLANG_WARN_OBJC_IMPLICIT_RETAIN_SELF = YES;
				CLANG_WARN_OBJC_LITERAL_CONVERSION = YES;
				CLANG_WARN_OBJC_ROOT_CLASS = YES_ERROR;
				CLANG_WARN_RANGE_LOOP_ANALYSIS = YES;
				CLANG_WARN_STRICT_PROTOTYPES = YES;
				CLANG_WARN_SUSPICIOUS_MOVE = YES;
				CLANG_WARN_UNGUARDED_AVAILABILITY = YES_AGGRESSIVE;
				CLANG_WARN_UNREACHABLE_CODE = YES;
				CLANG_WARN__DUPLICATE_METHOD_MATCH = YES;
				CODE_SIGN_IDENTITY = "iPhone Developer";
				COPY_PHASE_STRIP = NO;
				DEBUG_INFORMATION_FORMAT = dwarf;
				ENABLE_STRICT_OBJC_MSGSEND = YES;
				ENABLE_TESTABILITY = YES;
				GCC_C_LANGUAGE_STANDARD = gnu11;
				GCC_DYNAMIC_NO_PIC = NO;
				GCC_NO_COMMON_BLOCKS = YES;
				GCC_OPTIMIZATION_LEVEL = 0;
				GCC_PREPROCESSOR_DEFINITIONS = (
					"DEBUG=1",
					"$(inherited)",
				);
				GCC_WARN_64_TO_32_BIT_CONVERSION = YES;
				GCC_WARN_ABOUT_RETURN_TYPE = YES_ERROR;
				GCC_WARN_UNDECLARED_SELECTOR = YES;
				GCC_WARN_UNINITIALIZED_AUTOS = YES_AGGRESSIVE;
				GCC_WARN_UNUSED_FUNCTION = YES;
				GCC_WARN_UNUSED_VARIABLE = YES;
				IPHONEOS_DEPLOYMENT_TARGET = 11.3;
				MTL_ENABLE_DEBUG_INFO = YES;
				ONLY_ACTIVE_ARCH = YES;
				SDKROOT = iphoneos;
				SWIFT_ACTIVE_COMPILATION_CONDITIONS = DEBUG;
				SWIFT_OPTIMIZATION_LEVEL = "-Onone";
			};
			name = Debug;
		};
		A69BA70021534F1F0007B9EA /* Release */ = {
			isa = XCBuildConfiguration;
			buildSettings = {
				ALWAYS_SEARCH_USER_PATHS = NO;
				CLANG_ANALYZER_NONNULL = YES;
				CLANG_ANALYZER_NUMBER_OBJECT_CONVERSION = YES_AGGRESSIVE;
				CLANG_CXX_LANGUAGE_STANDARD = "gnu++14";
				CLANG_CXX_LIBRARY = "libc++";
				CLANG_ENABLE_MODULES = YES;
				CLANG_ENABLE_OBJC_ARC = YES;
				CLANG_ENABLE_OBJC_WEAK = YES;
				CLANG_WARN_BLOCK_CAPTURE_AUTORELEASING = YES;
				CLANG_WARN_BOOL_CONVERSION = YES;
				CLANG_WARN_COMMA = YES;
				CLANG_WARN_CONSTANT_CONVERSION = YES;
				CLANG_WARN_DEPRECATED_OBJC_IMPLEMENTATIONS = YES;
				CLANG_WARN_DIRECT_OBJC_ISA_USAGE = YES_ERROR;
				CLANG_WARN_DOCUMENTATION_COMMENTS = YES;
				CLANG_WARN_EMPTY_BODY = YES;
				CLANG_WARN_ENUM_CONVERSION = YES;
				CLANG_WARN_INFINITE_RECURSION = YES;
				CLANG_WARN_INT_CONVERSION = YES;
				CLANG_WARN_NON_LITERAL_NULL_CONVERSION = YES;
				CLANG_WARN_OBJC_IMPLICIT_RETAIN_SELF = YES;
				CLANG_WARN_OBJC_LITERAL_CONVERSION = YES;
				CLANG_WARN_OBJC_ROOT_CLASS = YES_ERROR;
				CLANG_WARN_RANGE_LOOP_ANALYSIS = YES;
				CLANG_WARN_STRICT_PROTOTYPES = YES;
				CLANG_WARN_SUSPICIOUS_MOVE = YES;
				CLANG_WARN_UNGUARDED_AVAILABILITY = YES_AGGRESSIVE;
				CLANG_WARN_UNREACHABLE_CODE = YES;
				CLANG_WARN__DUPLICATE_METHOD_MATCH = YES;
				CODE_SIGN_IDENTITY = "iPhone Developer";
				COPY_PHASE_STRIP = NO;
				DEBUG_INFORMATION_FORMAT = "dwarf-with-dsym";
				ENABLE_NS_ASSERTIONS = NO;
				ENABLE_STRICT_OBJC_MSGSEND = YES;
				GCC_C_LANGUAGE_STANDARD = gnu11;
				GCC_NO_COMMON_BLOCKS = YES;
				GCC_WARN_64_TO_32_BIT_CONVERSION = YES;
				GCC_WARN_ABOUT_RETURN_TYPE = YES_ERROR;
				GCC_WARN_UNDECLARED_SELECTOR = YES;
				GCC_WARN_UNINITIALIZED_AUTOS = YES_AGGRESSIVE;
				GCC_WARN_UNUSED_FUNCTION = YES;
				GCC_WARN_UNUSED_VARIABLE = YES;
				IPHONEOS_DEPLOYMENT_TARGET = 11.3;
				MTL_ENABLE_DEBUG_INFO = NO;
				SDKROOT = iphoneos;
				SWIFT_COMPILATION_MODE = wholemodule;
				SWIFT_OPTIMIZATION_LEVEL = "-O";
				VALIDATE_PRODUCT = YES;
			};
			name = Release;
		};
		A69BA70221534F1F0007B9EA /* Debug */ = {
			isa = XCBuildConfiguration;
			buildSettings = {
				ALWAYS_EMBED_SWIFT_STANDARD_LIBRARIES = YES;
				ASSETCATALOG_COMPILER_APPICON_NAME = AppIcon;
				CODE_SIGN_STYLE = Automatic;
				DEVELOPMENT_TEAM = 35L7NUU7WG;
				INFOPLIST_FILE = SmartBills/Info.plist;
				IPHONEOS_DEPLOYMENT_TARGET = 11.3;
				LD_RUNPATH_SEARCH_PATHS = (
					"$(inherited)",
					"@executable_path/Frameworks",
				);
				PRODUCT_BUNDLE_IDENTIFIER = HLG16.SmartBills;
				PRODUCT_NAME = "$(TARGET_NAME)";
				SWIFT_VERSION = 4.0;
				TARGETED_DEVICE_FAMILY = "1,2";
			};
			name = Debug;
		};
		A69BA70321534F1F0007B9EA /* Release */ = {
			isa = XCBuildConfiguration;
			buildSettings = {
				ALWAYS_EMBED_SWIFT_STANDARD_LIBRARIES = YES;
				ASSETCATALOG_COMPILER_APPICON_NAME = AppIcon;
				CODE_SIGN_STYLE = Automatic;
				DEVELOPMENT_TEAM = 35L7NUU7WG;
				INFOPLIST_FILE = SmartBills/Info.plist;
				IPHONEOS_DEPLOYMENT_TARGET = 11.3;
				LD_RUNPATH_SEARCH_PATHS = (
					"$(inherited)",
					"@executable_path/Frameworks",
				);
				PRODUCT_BUNDLE_IDENTIFIER = HLG16.SmartBills;
				PRODUCT_NAME = "$(TARGET_NAME)";
				SWIFT_VERSION = 4.0;
				TARGETED_DEVICE_FAMILY = "1,2";
			};
			name = Release;
		};
/* End XCBuildConfiguration section */

/* Begin XCConfigurationList section */
		A630E488216309B200258D4E /* Build configuration list for PBXNativeTarget "SmartBillWidget" */ = {
			isa = XCConfigurationList;
			buildConfigurations = (
				A630E489216309B200258D4E /* Debug */,
				A630E48A216309B200258D4E /* Release */,
			);
			defaultConfigurationIsVisible = 0;
			defaultConfigurationName = Release;
		};
		A69BA6EA21534F1E0007B9EA /* Build configuration list for PBXProject "SmartBills" */ = {
			isa = XCConfigurationList;
			buildConfigurations = (
				A69BA6FF21534F1F0007B9EA /* Debug */,
				A69BA70021534F1F0007B9EA /* Release */,
			);
			defaultConfigurationIsVisible = 0;
			defaultConfigurationName = Release;
		};
		A69BA70121534F1F0007B9EA /* Build configuration list for PBXNativeTarget "SmartBills" */ = {
			isa = XCConfigurationList;
			buildConfigurations = (
				A69BA70221534F1F0007B9EA /* Debug */,
				A69BA70321534F1F0007B9EA /* Release */,
			);
			defaultConfigurationIsVisible = 0;
			defaultConfigurationName = Release;
		};
/* End XCConfigurationList section */
	};
	rootObject = A69BA6E721534F1E0007B9EA /* Project object */;
}
